{
  "version": 4,
  "terraform_version": "1.5.7",
  "serial": 5,
  "lineage": "9cb27390-fd05-2bde-1642-e4386158e0b5",
  "outputs": {},
  "resources": [
    {
      "mode": "managed",
      "type": "google_container_cluster",
      "name": "primary",
      "provider": "provider[\"registry.terraform.io/hashicorp/google\"]",
      "instances": [
        {
          "schema_version": 2,
          "attributes": {
            "addons_config": [
              {
                "cloudrun_config": [],
                "config_connector_config": [],
                "dns_cache_config": [],
                "gce_persistent_disk_csi_driver_config": [
                  {
                    "enabled": true
                  }
                ],
                "gcp_filestore_csi_driver_config": [],
                "gcs_fuse_csi_driver_config": [],
                "gke_backup_agent_config": [],
                "horizontal_pod_autoscaling": [],
                "http_load_balancing": [],
                "network_policy_config": [
                  {
                    "disabled": true
                  }
                ],
                "stateful_ha_config": []
              }
            ],
            "allow_net_admin": null,
            "authenticator_groups_config": [],
            "binary_authorization": [
              {
                "enabled": false,
                "evaluation_mode": ""
              }
            ],
            "cluster_autoscaling": [
              {
                "auto_provisioning_defaults": [],
                "autoscaling_profile": "BALANCED",
                "enabled": false,
                "resource_limits": []
              }
            ],
            "cluster_ipv4_cidr": "10.68.0.0/14",
            "confidential_nodes": [],
            "cost_management_config": [],
            "database_encryption": [
              {
                "key_name": "",
                "state": "DECRYPTED"
              }
            ],
            "datapath_provider": "",
            "default_max_pods_per_node": 110,
            "default_snat_status": [
              {
                "disabled": false
              }
            ],
            "deletion_protection": true,
            "description": "",
            "dns_config": [],
            "enable_autopilot": false,
            "enable_cilium_clusterwide_network_policy": false,
            "enable_intranode_visibility": false,
            "enable_k8s_beta_apis": [],
            "enable_kubernetes_alpha": false,
            "enable_l4_ilb_subsetting": false,
            "enable_legacy_abac": false,
            "enable_shielded_nodes": true,
            "enable_tpu": false,
            "endpoint": "34.45.143.33",
            "fleet": [],
            "gateway_api_config": [],
            "id": "projects/devops-school-enuygun/locations/us-central1/clusters/end-to-end",
            "identity_service_config": [],
            "initial_node_count": 2,
            "ip_allocation_policy": [
              {
                "additional_pod_ranges_config": [],
                "cluster_ipv4_cidr_block": "10.68.0.0/14",
                "cluster_secondary_range_name": "gke-end-to-end-pods-12546942",
                "pod_cidr_overprovision_config": [
                  {
                    "disabled": false
                  }
                ],
                "services_ipv4_cidr_block": "34.118.224.0/20",
                "services_secondary_range_name": "",
                "stack_type": "IPV4"
              }
            ],
            "label_fingerprint": "a9dc16a7",
            "location": "us-central1",
            "logging_config": [
              {
                "enable_components": [
                  "SYSTEM_COMPONENTS",
                  "WORKLOADS"
                ]
              }
            ],
            "logging_service": "logging.googleapis.com/kubernetes",
            "maintenance_policy": [],
            "master_auth": [
              {
                "client_certificate": "",
                "client_certificate_config": [
                  {
                    "issue_client_certificate": false
                  }
                ],
                "client_key": "",
                "cluster_ca_certificate": "LS0tLS1CRUdJTiBDRVJUSUZJQ0FURS0tLS0tCk1JSUVMVENDQXBXZ0F3SUJBZ0lSQUtHRXhPSDlyOFQ3Sy9MM3ZCd04wdnd3RFFZSktvWklodmNOQVFFTEJRQXcKTHpFdE1Dc0dBMVVFQXhNa1l6bGhNR014TmpZdE0yUm1NUzAwWW1ObUxXRmpNVEl0T0dOaU5HWmhNVGcwTXpVMQpNQ0FYRFRJME1EY3hPREEyTWpRek9Gb1lEekl3TlRRd056RXhNRGN5TkRNNFdqQXZNUzB3S3dZRFZRUURFeVJqCk9XRXdZekUyTmkwelpHWXhMVFJpWTJZdFlXTXhNaTA0WTJJMFptRXhPRFF6TlRVd2dnR2lNQTBHQ1NxR1NJYjMKRFFFQkFRVUFBNElCandBd2dnR0tBb0lCZ1FDcmJVUGExNzNPNnJ2bnNzZlVRQTNuRFRXUmsxM0dFenpqeHhicApWUTN4ZVp3V3V3QjJuUEwvR1dRaDJBODRkZjFZY0V6RU1zcTBXT1laL3dQSFVIU1dpQ3BJRFZEZTNrRDRrLysyClBSa0JzekJSNWNtSWtLTkxMUmdYS0pOVzB3dmx2M3FNZ3ppTTJmSE9ERHhtQ1laODhobTlPUE94ZnhmeWdFcHcKYU9NUHFpOWdiQ3VFZUk2azNibEhGSmlJNWpEdHJ1Szl5OGh6cWx4djZVWDl5UG10QkxMUkErcXN4bjZwNzRkSQpkMzRZVGVWa1h6VVdSWWo2LzBVRW5oZ1k4UlFXMDlCZmkzeEpHQU0xNFRGbytQMDMrbEFJcnVFZzdrTU8vUVh0CkFiWFV1UTJzcTcrTnBDbEoxWHdBbnpxcDNSYW5hOUJOdWVVQ2RKT2ZpZjlUMVp4SElJZ1BGQ1ppWGJsNzd6R2MKcDJSaFJlYVVCVEhGUEgrdG9YbnpueXFrNjk1QjBKc091OTNXN2pJV2FjTzdHZHh6SSt5NEhYN0ZZMWgvTXFwbQppY0tEemhOdXUwYUl4YW5lRUFQcWpFSU1SbVN6aDR3OThadEV2ZE5pVklOdEUyNm1helk1SW04SmxXODk1M0M1CjJpS3dEc1VKSHRVdTdjMnZtbEtPaXVEMmVDc0NBd0VBQWFOQ01FQXdEZ1lEVlIwUEFRSC9CQVFEQWdJRU1BOEcKQTFVZEV3RUIvd1FGTUFNQkFmOHdIUVlEVlIwT0JCWUVGSk0xWkFkbDUrbWhLMGhXTDhkZU9PQ2lOODB4TUEwRwpDU3FHU0liM0RRRUJDd1VBQTRJQmdRQmUwclNuVEJLTHB2cjVJZjRnVzF4QURqc0pMd0swUEQwVjYzT1p1bXRZCjlKU3ZsbDh1bGU4RWVlR2VaV250WktuK00rNkRwOXp2bmJvMEI5eENWaHltNEpSc0dxMTIvWkFPZnhqblpaSU8KMDVjd0xUaXcrWUJLNFlxUnJnSTR2eHFqbjVPWHpPQkwyR1d0U1ZGYVdWc0cwd3c2VGJyUU9BNWlMRVN3SlpaRwpJbC9BeWZ0OGRCZmZDR1hUanE5Y2tGU3FBQ2hhUkIvUDJnWGplZDJuSWdxZjhIcTNySWVJT3BwWDFBT2JvTjFKCjJzemxvZXBkUVFYMGZLTm9BVERqMEdUSGxjV0pOMi8vUWh4TmNsMnFNWFQ5U29adkVaMTdPUTFvaVBYUTN3MHAKU3ZXQjZYNlFubUs2MjQwcjBiZVdha0lsWXhhRGlMMS95ek5oSkdYS0FRQUtCUEdtaUI5eldhQ2JacFpWRjR2OApqS0lGT0pxV3FXZTBSY2ZVVC9EQXpUcW9tYWZBemhHV1d5bFEzNlBwSmpMSnM0ODVHY3NxVXhXRVU2d3M3dzVBCnk0U25JWWdjWkJHU3ZwVDNoZE1kd01qZXI5cCt5SmhBN2o3VGtjOWpZSzhjYUVjMjNwOE1YczRUemFrLzUvajgKK1YrKytjV3ZqZU5iUFpyQmxOWi9TaU09Ci0tLS0tRU5EIENFUlRJRklDQVRFLS0tLS0K"
              }
            ],
            "master_authorized_networks_config": [],
            "master_version": "1.29.5-gke.1091002",
            "mesh_certificates": [],
            "min_master_version": null,
            "monitoring_config": [
              {
                "advanced_datapath_observability_config": [
                  {
                    "enable_metrics": false,
                    "enable_relay": false,
                    "relay_mode": "DISABLED"
                  }
                ],
                "enable_components": [
                  "SYSTEM_COMPONENTS"
                ],
                "managed_prometheus": [
                  {
                    "enabled": true
                  }
                ]
              }
            ],
            "monitoring_service": "monitoring.googleapis.com/kubernetes",
            "name": "end-to-end",
            "network": "projects/devops-school-enuygun/global/networks/default",
            "network_policy": [
              {
                "enabled": false,
                "provider": "PROVIDER_UNSPECIFIED"
              }
            ],
            "networking_mode": "VPC_NATIVE",
            "node_config": [
              {
                "advanced_machine_features": [],
                "boot_disk_kms_key": "",
                "confidential_nodes": [],
                "containerd_config": [],
                "disk_size_gb": 100,
                "disk_type": "pd-balanced",
                "effective_taints": [],
                "enable_confidential_storage": false,
                "ephemeral_storage_local_ssd_config": [],
                "fast_socket": [],
                "gcfs_config": [],
                "guest_accelerator": [],
                "gvnic": [],
                "host_maintenance_policy": [],
                "image_type": "COS_CONTAINERD",
                "kubelet_config": [],
                "labels": {},
                "linux_node_config": [],
                "local_nvme_ssd_block_config": [],
                "local_ssd_count": 0,
                "logging_variant": "DEFAULT",
                "machine_type": "e2-medium",
                "metadata": {
                  "disable-legacy-endpoints": "true"
                },
                "min_cpu_platform": "",
                "node_group": "",
                "oauth_scopes": [
                  "https://www.googleapis.com/auth/cloud-platform"
                ],
                "preemptible": true,
                "reservation_affinity": [],
                "resource_labels": {},
                "resource_manager_tags": {},
                "secondary_boot_disks": [],
                "service_account": "default",
                "shielded_instance_config": [
                  {
                    "enable_integrity_monitoring": true,
                    "enable_secure_boot": false
                  }
                ],
                "sole_tenant_config": [],
                "spot": false,
                "tags": [],
                "taint": [],
                "workload_metadata_config": []
              }
            ],
            "node_locations": [
              "us-central1-a",
              "us-central1-c",
              "us-central1-f"
            ],
            "node_pool": [
              {
                "autoscaling": [],
                "initial_node_count": 2,
                "instance_group_urls": [],
                "managed_instance_group_urls": [],
                "management": [
                  {
                    "auto_repair": true,
                    "auto_upgrade": true
                  }
                ],
                "max_pods_per_node": 110,
                "name": "default-pool",
                "name_prefix": "",
                "network_config": [
                  {
                    "create_pod_range": false,
                    "enable_private_nodes": false,
                    "network_performance_config": [],
                    "pod_cidr_overprovision_config": [],
                    "pod_ipv4_cidr_block": "10.68.0.0/14",
                    "pod_range": "gke-end-to-end-pods-12546942"
                  }
                ],
                "node_config": [
                  {
                    "advanced_machine_features": [],
                    "boot_disk_kms_key": "",
                    "confidential_nodes": [],
                    "containerd_config": [],
                    "disk_size_gb": 100,
                    "disk_type": "pd-balanced",
                    "effective_taints": [],
                    "enable_confidential_storage": false,
                    "ephemeral_storage_local_ssd_config": [],
                    "fast_socket": [],
                    "gcfs_config": [],
                    "guest_accelerator": [],
                    "gvnic": [],
                    "host_maintenance_policy": [],
                    "image_type": "COS_CONTAINERD",
                    "kubelet_config": [],
                    "labels": {},
                    "linux_node_config": [],
                    "local_nvme_ssd_block_config": [],
                    "local_ssd_count": 0,
                    "logging_variant": "DEFAULT",
                    "machine_type": "e2-medium",
                    "metadata": {
                      "disable-legacy-endpoints": "true"
                    },
                    "min_cpu_platform": "",
                    "node_group": "",
                    "oauth_scopes": [
                      "https://www.googleapis.com/auth/cloud-platform"
                    ],
                    "preemptible": true,
                    "reservation_affinity": [],
                    "resource_labels": {},
                    "resource_manager_tags": {},
                    "secondary_boot_disks": [],
                    "service_account": "default",
                    "shielded_instance_config": [
                      {
                        "enable_integrity_monitoring": true,
                        "enable_secure_boot": false
                      }
                    ],
                    "sole_tenant_config": [],
                    "spot": false,
                    "tags": [],
                    "taint": [],
                    "workload_metadata_config": []
                  }
                ],
                "node_count": 0,
                "node_locations": [
                  "us-central1-a",
                  "us-central1-c",
                  "us-central1-f"
                ],
                "placement_policy": [],
                "queued_provisioning": [],
                "upgrade_settings": [
                  {
                    "blue_green_settings": [],
                    "max_surge": 1,
                    "max_unavailable": 0,
                    "strategy": "SURGE"
                  }
                ],
                "version": "1.29.5-gke.1091002"
              }
            ],
            "node_pool_auto_config": [],
            "node_pool_defaults": [
              {
                "node_config_defaults": [
                  {
                    "containerd_config": [],
                    "logging_variant": "DEFAULT"
                  }
                ]
              }
            ],
            "node_version": "1.29.5-gke.1091002",
            "notification_config": [
              {
                "pubsub": [
                  {
                    "enabled": false,
                    "filter": [],
                    "topic": ""
                  }
                ]
              }
            ],
            "operation": null,
            "private_cluster_config": [
              {
                "enable_private_endpoint": false,
                "enable_private_nodes": false,
                "master_global_access_config": [
                  {
                    "enabled": false
                  }
                ],
                "master_ipv4_cidr_block": "",
                "peering_name": "",
                "private_endpoint": "10.128.0.32",
                "private_endpoint_subnetwork": "",
                "public_endpoint": "34.45.143.33"
              }
            ],
            "private_ipv6_google_access": "",
            "project": "devops-school-enuygun",
            "release_channel": [
              {
                "channel": "REGULAR"
              }
            ],
            "remove_default_node_pool": null,
            "resource_labels": {},
            "resource_usage_export_config": [],
            "security_posture_config": [
              {
                "mode": "BASIC",
                "vulnerability_mode": "VULNERABILITY_MODE_UNSPECIFIED"
              }
            ],
            "self_link": "https://container.googleapis.com/v1/projects/devops-school-enuygun/locations/us-central1/clusters/end-to-end",
            "service_external_ips_config": [
              {
                "enabled": false
              }
            ],
            "services_ipv4_cidr": "34.118.224.0/20",
            "subnetwork": "projects/devops-school-enuygun/regions/us-central1/subnetworks/default",
            "timeouts": null,
            "tpu_ipv4_cidr_block": "",
            "vertical_pod_autoscaling": [],
            "workload_identity_config": []
          },
          "sensitive_attributes": [],
          "private": "eyJlMmJmYjczMC1lY2FhLTExZTYtOGY4OC0zNDM2M2JjN2M0YzAiOnsiY3JlYXRlIjoyNDAwMDAwMDAwMDAwLCJkZWxldGUiOjI0MDAwMDAwMDAwMDAsInJlYWQiOjI0MDAwMDAwMDAwMDAsInVwZGF0ZSI6MzYwMDAwMDAwMDAwMH0sInNjaGVtYV92ZXJzaW9uIjoiMiJ9"
        }
      ]
    }
  ],
  "check_results": null
}
